
Microsoft Visual Studio Solution File, Format Version 12.00
# Visual Studio Version 17
VisualStudioVersion = 17.0.31912.275
MinimumVisualStudioVersion = 10.0.40219.1
Project("{FAE04EC0-301F-11D3-BF4B-00C04F79EFBC}") = "stargaze_asset_attribute_dump_console", "stargaze_asset_attribute_dump_console\stargaze_asset_attribute_dump_console.csproj", "{DDD85E9D-6EC4-4220-ADA3-C8CDFDFEC86F}"
EndProject
Global
	GlobalSection(SolutionConfigurationPlatforms) = preSolution
		Debug|Any CPU = Debug|Any CPU
		Release|Any CPU = Release|Any CPU
	EndGlobalSection
	GlobalSection(ProjectConfigurationPlatforms) = postSolution
		{DDD85E9D-6EC4-4220-ADA3-C8CDFDFEC86F}.Debug|Any CPU.ActiveCfg = Debug|Any CPU
		{DDD85E9D-6EC4-4220-ADA3-C8CDFDFEC86F}.Debug|Any CPU.Build.0 = Debug|Any CPU
		{DDD85E9D-6EC4-4220-ADA3-C8CDFDFEC86F}.Release|Any CPU.ActiveCfg = Release|Any CPU
		{DDD85E9D-6EC4-4220-ADA3-C8CDFDFEC86F}.Release|Any CPU.Build.0 = Release|Any CPU
	EndGlobalSection
	GlobalSection(SolutionProperties) = preSolution
		HideSolutionNode = FALSE
	EndGlobalSection
	GlobalSection(ExtensibilityGlobals) = postSolution
		SolutionGuid = {C150F8C7-5B0C-412B-9972-19C55D78BC33}
	EndGlobalSection
EndGlobal
